// !$*UTF8*$!
{
	archiveVersion = 1;
	classes = {
	};
	objectVersion = 56;
	objects = {

/* Begin PBXBuildFile section */
		CC73DBF12A0FE61300A7FA66 /* AppDelegate.swift in Sources */ = {isa = PBXBuildFile; fileRef = CC73DBF02A0FE61300A7FA66 /* AppDelegate.swift */; };
		CC73DBF32A0FE61300A7FA66 /* SceneDelegate.swift in Sources */ = {isa = PBXBuildFile; fileRef = CC73DBF22A0FE61300A7FA66 /* SceneDelegate.swift */; };
		CC73DBF52A0FE61300A7FA66 /* ViewController.swift in Sources */ = {isa = PBXBuildFile; fileRef = CC73DBF42A0FE61300A7FA66 /* ViewController.swift */; };
		CC73DBF82A0FE61300A7FA66 /* Main.storyboard in Resources */ = {isa = PBXBuildFile; fileRef = CC73DBF62A0FE61300A7FA66 /* Main.storyboard */; };
		CC73DBFB2A0FE61300A7FA66 /* ToDoApp.xcdatamodeld in Sources */ = {isa = PBXBuildFile; fileRef = CC73DBF92A0FE61300A7FA66 /* ToDoApp.xcdatamodeld */; };
		CC73DBFD2A0FE61400A7FA66 /* Assets.xcassets in Resources */ = {isa = PBXBuildFile; fileRef = CC73DBFC2A0FE61400A7FA66 /* Assets.xcassets */; };
		CC73DC002A0FE61400A7FA66 /* LaunchScreen.storyboard in Resources */ = {isa = PBXBuildFile; fileRef = CC73DBFE2A0FE61400A7FA66 /* LaunchScreen.storyboard */; };
		CC73DC092A0FEA1200A7FA66 /* ToDoData+CoreDataClass.swift in Sources */ = {isa = PBXBuildFile; fileRef = CC73DC072A0FEA1200A7FA66 /* ToDoData+CoreDataClass.swift */; };
		CC73DC0A2A0FEA1200A7FA66 /* ToDoData+CoreDataProperties.swift in Sources */ = {isa = PBXBuildFile; fileRef = CC73DC082A0FEA1200A7FA66 /* ToDoData+CoreDataProperties.swift */; };
		CC73DC1B2A0FF7AB00A7FA66 /* CoreDataManager.swift in Sources */ = {isa = PBXBuildFile; fileRef = CC73DC1A2A0FF7AB00A7FA66 /* CoreDataManager.swift */; };
		CC73DC1D2A0FF82000A7FA66 /* ToDoCell.swift in Sources */ = {isa = PBXBuildFile; fileRef = CC73DC1C2A0FF82000A7FA66 /* ToDoCell.swift */; };
		CC73DC202A0FFA7200A7FA66 /* MyColor.swift in Sources */ = {isa = PBXBuildFile; fileRef = CC73DC1F2A0FFA7200A7FA66 /* MyColor.swift */; };
		CC73DC222A0FFA9400A7FA66 /* UIColor+Extension.swift in Sources */ = {isa = PBXBuildFile; fileRef = CC73DC212A0FFA9400A7FA66 /* UIColor+Extension.swift */; };
		CC9957BC2A113BD00091C6FA /* DetailViewController.swift in Sources */ = {isa = PBXBuildFile; fileRef = CC9957BB2A113BD00091C6FA /* DetailViewController.swift */; };
/* End PBXBuildFile section */

/* Begin PBXFileReference section */
		CC73DBED2A0FE61300A7FA66 /* ToDoApp.app */ = {isa = PBXFileReference; explicitFileType = wrapper.application; includeInIndex = 0; path = ToDoApp.app; sourceTree = BUILT_PRODUCTS_DIR; };
		CC73DBF02A0FE61300A7FA66 /* AppDelegate.swift */ = {isa = PBXFileReference; lastKnownFileType = sourcecode.swift; path = AppDelegate.swift; sourceTree = "<group>"; };
		CC73DBF22A0FE61300A7FA66 /* SceneDelegate.swift */ = {isa = PBXFileReference; lastKnownFileType = sourcecode.swift; path = SceneDelegate.swift; sourceTree = "<group>"; };
		CC73DBF42A0FE61300A7FA66 /* ViewController.swift */ = {isa = PBXFileReference; lastKnownFileType = sourcecode.swift; path = ViewController.swift; sourceTree = "<group>"; };
		CC73DBF72A0FE61300A7FA66 /* Base */ = {isa = PBXFileReference; lastKnownFileType = file.storyboard; name = Base; path = Base.lproj/Main.storyboard; sourceTree = "<group>"; };
		CC73DBFA2A0FE61300A7FA66 /* ToDoApp.xcdatamodel */ = {isa = PBXFileReference; lastKnownFileType = wrapper.xcdatamodel; path = ToDoApp.xcdatamodel; sourceTree = "<group>"; };
		CC73DBFC2A0FE61400A7FA66 /* Assets.xcassets */ = {isa = PBXFileReference; lastKnownFileType = folder.assetcatalog; path = Assets.xcassets; sourceTree = "<group>"; };
		CC73DBFF2A0FE61400A7FA66 /* Base */ = {isa = PBXFileReference; lastKnownFileType = file.storyboard; name = Base; path = Base.lproj/LaunchScreen.storyboard; sourceTree = "<group>"; };
		CC73DC012A0FE61400A7FA66 /* Info.plist */ = {isa = PBXFileReference; lastKnownFileType = text.plist.xml; path = Info.plist; sourceTree = "<group>"; };
		CC73DC072A0FEA1200A7FA66 /* ToDoData+CoreDataClass.swift */ = {isa = PBXFileReference; lastKnownFileType = sourcecode.swift; path = "ToDoData+CoreDataClass.swift"; sourceTree = "<group>"; };
		CC73DC082A0FEA1200A7FA66 /* ToDoData+CoreDataProperties.swift */ = {isa = PBXFileReference; lastKnownFileType = sourcecode.swift; path = "ToDoData+CoreDataProperties.swift"; sourceTree = "<group>"; };
		CC73DC1A2A0FF7AB00A7FA66 /* CoreDataManager.swift */ = {isa = PBXFileReference; lastKnownFileType = sourcecode.swift; path = CoreDataManager.swift; sourceTree = "<group>"; };
		CC73DC1C2A0FF82000A7FA66 /* ToDoCell.swift */ = {isa = PBXFileReference; lastKnownFileType = sourcecode.swift; path = ToDoCell.swift; sourceTree = "<group>"; };
		CC73DC1F2A0FFA7200A7FA66 /* MyColor.swift */ = {isa = PBXFileReference; lastKnownFileType = sourcecode.swift; path = MyColor.swift; sourceTree = "<group>"; };
		CC73DC212A0FFA9400A7FA66 /* UIColor+Extension.swift */ = {isa = PBXFileReference; lastKnownFileType = sourcecode.swift; path = "UIColor+Extension.swift"; sourceTree = "<group>"; };
		CC9957BB2A113BD00091C6FA /* DetailViewController.swift */ = {isa = PBXFileReference; lastKnownFileType = sourcecode.swift; path = DetailViewController.swift; sourceTree = "<group>"; };
/* End PBXFileReference section */

/* Begin PBXFrameworksBuildPhase section */
		CC73DBEA2A0FE61300A7FA66 /* Frameworks */ = {
			isa = PBXFrameworksBuildPhase;
			buildActionMask = 2147483647;
			files = (
			);
			runOnlyForDeploymentPostprocessing = 0;
		};
/* End PBXFrameworksBuildPhase section */

/* Begin PBXGroup section */
		CC73DBE42A0FE61300A7FA66 = {
			isa = PBXGroup;
			children = (
				CC73DBEF2A0FE61300A7FA66 /* ToDoApp */,
				CC73DBEE2A0FE61300A7FA66 /* Products */,
			);
			sourceTree = "<group>";
		};
		CC73DBEE2A0FE61300A7FA66 /* Products */ = {
			isa = PBXGroup;
			children = (
				CC73DBED2A0FE61300A7FA66 /* ToDoApp.app */,
			);
			name = Products;
			sourceTree = "<group>";
		};
		CC73DBEF2A0FE61300A7FA66 /* ToDoApp */ = {
			isa = PBXGroup;
			children = (
				CC73DBF02A0FE61300A7FA66 /* AppDelegate.swift */,
				CC73DBF22A0FE61300A7FA66 /* SceneDelegate.swift */,
				CC73DC1E2A0FFA6200A7FA66 /* Helper */,
				CC73DC192A0FF79400A7FA66 /* Models */,
				CC73DC182A0FF78A00A7FA66 /* Views */,
				CC73DC172A0FF78200A7FA66 /* Controllers */,
				CC73DBF62A0FE61300A7FA66 /* Main.storyboard */,
				CC73DBFC2A0FE61400A7FA66 /* Assets.xcassets */,
				CC73DBFE2A0FE61400A7FA66 /* LaunchScreen.storyboard */,
				CC73DC012A0FE61400A7FA66 /* Info.plist */,
				CC73DBF92A0FE61300A7FA66 /* ToDoApp.xcdatamodeld */,
			);
			path = ToDoApp;
			sourceTree = "<group>";
		};
		CC73DC172A0FF78200A7FA66 /* Controllers */ = {
			isa = PBXGroup;
			children = (
				CC73DBF42A0FE61300A7FA66 /* ViewController.swift */,
				CC9957BB2A113BD00091C6FA /* DetailViewController.swift */,
			);
			path = Controllers;
			sourceTree = "<group>";
		};
		CC73DC182A0FF78A00A7FA66 /* Views */ = {
			isa = PBXGroup;
			children = (
				CC73DC1C2A0FF82000A7FA66 /* ToDoCell.swift */,
			);
			path = Views;
			sourceTree = "<group>";
		};
		CC73DC192A0FF79400A7FA66 /* Models */ = {
			isa = PBXGroup;
			children = (
				CC73DC072A0FEA1200A7FA66 /* ToDoData+CoreDataClass.swift */,
				CC73DC1A2A0FF7AB00A7FA66 /* CoreDataManager.swift */,
				CC73DC082A0FEA1200A7FA66 /* ToDoData+CoreDataProperties.swift */,
			);
			path = Models;
			sourceTree = "<group>";
		};
		CC73DC1E2A0FFA6200A7FA66 /* Helper */ = {
			isa = PBXGroup;
			children = (
				CC73DC1F2A0FFA7200A7FA66 /* MyColor.swift */,
				CC73DC212A0FFA9400A7FA66 /* UIColor+Extension.swift */,
			);
			path = Helper;
			sourceTree = "<group>";
		};
/* End PBXGroup section */

/* Begin PBXNativeTarget section */
		CC73DBEC2A0FE61300A7FA66 /* ToDoApp */ = {
			isa = PBXNativeTarget;
			buildConfigurationList = CC73DC042A0FE61400A7FA66 /* Build configuration list for PBXNativeTarget "ToDoApp" */;
			buildPhases = (
				CC73DBE92A0FE61300A7FA66 /* Sources */,
				CC73DBEA2A0FE61300A7FA66 /* Frameworks */,
				CC73DBEB2A0FE61300A7FA66 /* Resources */,
			);
			buildRules = (
			);
			dependencies = (
			);
			name = ToDoApp;
			productName = ToDoApp;
			productReference = CC73DBED2A0FE61300A7FA66 /* ToDoApp.app */;
			productType = "com.apple.product-type.application";
		};
/* End PBXNativeTarget section */

/* Begin PBXProject section */
		CC73DBE52A0FE61300A7FA66 /* Project object */ = {
			isa = PBXProject;
			attributes = {
				BuildIndependentTargetsInParallel = 1;
				LastSwiftUpdateCheck = 1410;
				LastUpgradeCheck = 1410;
				TargetAttributes = {
					CC73DBEC2A0FE61300A7FA66 = {
						CreatedOnToolsVersion = 14.1;
					};
				};
			};
			buildConfigurationList = CC73DBE82A0FE61300A7FA66 /* Build configuration list for PBXProject "ToDoApp" */;
			compatibilityVersion = "Xcode 14.0";
			developmentRegion = en;
			hasScannedForEncodings = 0;
			knownRegions = (
				en,
				Base,
			);
			mainGroup = CC73DBE42A0FE61300A7FA66;
			productRefGroup = CC73DBEE2A0FE61300A7FA66 /* Products */;
			projectDirPath = "";
			projectRoot = "";
			targets = (
				CC73DBEC2A0FE61300A7FA66 /* ToDoApp */,
			);
		};
/* End PBXProject section */

/* Begin PBXResourcesBuildPhase section */
		CC73DBEB2A0FE61300A7FA66 /* Resources */ = {
			isa = PBXResourcesBuildPhase;
			buildActionMask = 2147483647;
			files = (
				CC73DC002A0FE61400A7FA66 /* LaunchScreen.storyboard in Resources */,
				CC73DBFD2A0FE61400A7FA66 /* Assets.xcassets in Resources */,
				CC73DBF82A0FE61300A7FA66 /* Main.storyboard in Resources */,
			);
			runOnlyForDeploymentPostprocessing = 0;
		};
/* End PBXResourcesBuildPhase section */

/* Begin PBXSourcesBuildPhase section */
		CC73DBE92A0FE61300A7FA66 /* Sources */ = {
			isa = PBXSourcesBuildPhase;
			buildActionMask = 2147483647;
			files = (
				CC9957BC2A113BD00091C6FA /* DetailViewController.swift in Sources */,
				CC73DBF52A0FE61300A7FA66 /* ViewController.swift in Sources */,
				CC73DBF12A0FE61300A7FA66 /* AppDelegate.swift in Sources */,
				CC73DC202A0FFA7200A7FA66 /* MyColor.swift in Sources */,
				CC73DBF32A0FE61300A7FA66 /* SceneDelegate.swift in Sources */,
				CC73DC0A2A0FEA1200A7FA66 /* ToDoData+CoreDataProperties.swift in Sources */,
				CC73DC092A0FEA1200A7FA66 /* ToDoData+CoreDataClass.swift in Sources */,
				CC73DC1B2A0FF7AB00A7FA66 /* CoreDataManager.swift in Sources */,
				CC73DBFB2A0FE61300A7FA66 /* ToDoApp.xcdatamodeld in Sources */,
				CC73DC1D2A0FF82000A7FA66 /* ToDoCell.swift in Sources */,
				CC73DC222A0FFA9400A7FA66 /* UIColor+Extension.swift in Sources */,
			);
			runOnlyForDeploymentPostprocessing = 0;
		};
/* End PBXSourcesBuildPhase section */

/* Begin PBXVariantGroup section */
		CC73DBF62A0FE61300A7FA66 /* Main.storyboard */ = {
			isa = PBXVariantGroup;
			children = (
				CC73DBF72A0FE61300A7FA66 /* Base */,
			);
			name = Main.storyboard;
			sourceTree = "<group>";
		};
		CC73DBFE2A0FE61400A7FA66 /* LaunchScreen.storyboard */ = {
			isa = PBXVariantGroup;
			children = (
				CC73DBFF2A0FE61400A7FA66 /* Base */,
			);
			name = LaunchScreen.storyboard;
			sourceTree = "<group>";
		};
/* End PBXVariantGroup section */

/* Begin XCBuildConfiguration section */
		CC73DC022A0FE61400A7FA66 /* Debug */ = {
			isa = XCBuildConfiguration;
			buildSettings = {
				ALWAYS_SEARCH_USER_PATHS = NO;
				CLANG_ANALYZER_NONNULL = YES;
				CLANG_ANALYZER_NUMBER_OBJECT_CONVERSION = YES_AGGRESSIVE;
				CLANG_CXX_LANGUAGE_STANDARD = "gnu++20";
				CLANG_ENABLE_MODULES = YES;
				CLANG_ENABLE_OBJC_ARC = YES;
				CLANG_ENABLE_OBJC_WEAK = YES;
				CLANG_WARN_BLOCK_CAPTURE_AUTORELEASING = YES;
				CLANG_WARN_BOOL_CONVERSION = YES;
				CLANG_WARN_COMMA = YES;
				CLANG_WARN_CONSTANT_CONVERSION = YES;
				CLANG_WARN_DEPRECATED_OBJC_IMPLEMENTATIONS = YES;
				CLANG_WARN_DIRECT_OBJC_ISA_USAGE = YES_ERROR;
				CLANG_WARN_DOCUMENTATION_COMMENTS = YES;
				CLANG_WARN_EMPTY_BODY = YES;
				CLANG_WARN_ENUM_CONVERSION = YES;
				CLANG_WARN_INFINITE_RECURSION = YES;
				CLANG_WARN_INT_CONVERSION = YES;
				CLANG_WARN_NON_LITERAL_NULL_CONVERSION = YES;
				CLANG_WARN_OBJC_IMPLICIT_RETAIN_SELF = YES;
				CLANG_WARN_OBJC_LITERAL_CONVERSION = YES;
				CLANG_WARN_OBJC_ROOT_CLASS = YES_ERROR;
				CLANG_WARN_QUOTED_INCLUDE_IN_FRAMEWORK_HEADER = YES;
				CLANG_WARN_RANGE_LOOP_ANALYSIS = YES;
				CLANG_WARN_STRICT_PROTOTYPES = YES;
				CLANG_WARN_SUSPICIOUS_MOVE = YES;
				CLANG_WARN_UNGUARDED_AVAILABILITY = YES_AGGRESSIVE;
				CLANG_WARN_UNREACHABLE_CODE = YES;
				CLANG_WARN__DUPLICATE_METHOD_MATCH = YES;
				COPY_PHASE_STRIP = NO;
				DEBUG_INFORMATION_FORMAT = dwarf;
				ENABLE_STRICT_OBJC_MSGSEND = YES;
				ENABLE_TESTABILITY = YES;
				GCC_C_LANGUAGE_STANDARD = gnu11;
				GCC_DYNAMIC_NO_PIC = NO;
				GCC_NO_COMMON_BLOCKS = YES;
				GCC_OPTIMIZATION_LEVEL = 0;
				GCC_PREPROCESSOR_DEFINITIONS = (
					"DEBUG=1",
					"$(inherited)",
				);
				GCC_WARN_64_TO_32_BIT_CONVERSION = YES;
				GCC_WARN_ABOUT_RETURN_TYPE = YES_ERROR;
				GCC_WARN_UNDECLARED_SELECTOR = YES;
				GCC_WARN_UNINITIALIZED_AUTOS = YES_AGGRESSIVE;
				GCC_WARN_UNUSED_FUNCTION = YES;
				GCC_WARN_UNUSED_VARIABLE = YES;
				IPHONEOS_DEPLOYMENT_TARGET = 16.1;
				MTL_ENABLE_DEBUG_INFO = INCLUDE_SOURCE;
				MTL_FAST_MATH = YES;
				ONLY_ACTIVE_ARCH = YES;
				SDKROOT = iphoneos;
				SWIFT_ACTIVE_COMPILATION_CONDITIONS = DEBUG;
				SWIFT_OPTIMIZATION_LEVEL = "-Onone";
			};
			name = Debug;
		};
		CC73DC032A0FE61400A7FA66 /* Release */ = {
			isa = XCBuildConfiguration;
			buildSettings = {
				ALWAYS_SEARCH_USER_PATHS = NO;
				CLANG_ANALYZER_NONNULL = YES;
				CLANG_ANALYZER_NUMBER_OBJECT_CONVERSION = YES_AGGRESSIVE;
				CLANG_CXX_LANGUAGE_STANDARD = "gnu++20";
				CLANG_ENABLE_MODULES = YES;
				CLANG_ENABLE_OBJC_ARC = YES;
				CLANG_ENABLE_OBJC_WEAK = YES;
				CLANG_WARN_BLOCK_CAPTURE_AUTORELEASING = YES;
				CLANG_WARN_BOOL_CONVERSION = YES;
				CLANG_WARN_COMMA = YES;
				CLANG_WARN_CONSTANT_CONVERSION = YES;
				CLANG_WARN_DEPRECATED_OBJC_IMPLEMENTATIONS = YES;
				CLANG_WARN_DIRECT_OBJC_ISA_USAGE = YES_ERROR;
				CLANG_WARN_DOCUMENTATION_COMMENTS = YES;
				CLANG_WARN_EMPTY_BODY = YES;
				CLANG_WARN_ENUM_CONVERSION = YES;
				CLANG_WARN_INFINITE_RECURSION = YES;
				CLANG_WARN_INT_CONVERSION = YES;
				CLANG_WARN_NON_LITERAL_NULL_CONVERSION = YES;
				CLANG_WARN_OBJC_IMPLICIT_RETAIN_SELF = YES;
				CLANG_WARN_OBJC_LITERAL_CONVERSION = YES;
				CLANG_WARN_OBJC_ROOT_CLASS = YES_ERROR;
				CLANG_WARN_QUOTED_INCLUDE_IN_FRAMEWORK_HEADER = YES;
				CLANG_WARN_RANGE_LOOP_ANALYSIS = YES;
				CLANG_WARN_STRICT_PROTOTYPES = YES;
				CLANG_WARN_SUSPICIOUS_MOVE = YES;
				CLANG_WARN_UNGUARDED_AVAILABILITY = YES_AGGRESSIVE;
				CLANG_WARN_UNREACHABLE_CODE = YES;
				CLANG_WARN__DUPLICATE_METHOD_MATCH = YES;
				COPY_PHASE_STRIP = NO;
				DEBUG_INFORMATION_FORMAT = "dwarf-with-dsym";
				ENABLE_NS_ASSERTIONS = NO;
				ENABLE_STRICT_OBJC_MSGSEND = YES;
				GCC_C_LANGUAGE_STANDARD = gnu11;
				GCC_NO_COMMON_BLOCKS = YES;
				GCC_WARN_64_TO_32_BIT_CONVERSION = YES;
				GCC_WARN_ABOUT_RETURN_TYPE = YES_ERROR;
				GCC_WARN_UNDECLARED_SELECTOR = YES;
				GCC_WARN_UNINITIALIZED_AUTOS = YES_AGGRESSIVE;
				GCC_WARN_UNUSED_FUNCTION = YES;
				GCC_WARN_UNUSED_VARIABLE = YES;
				IPHONEOS_DEPLOYMENT_TARGET = 16.1;
				MTL_ENABLE_DEBUG_INFO = NO;
				MTL_FAST_MATH = YES;
				SDKROOT = iphoneos;
				SWIFT_COMPILATION_MODE = wholemodule;
				SWIFT_OPTIMIZATION_LEVEL = "-O";
				VALIDATE_PRODUCT = YES;
			};
			name = Release;
		};
		CC73DC052A0FE61400A7FA66 /* Debug */ = {
			isa = XCBuildConfiguration;
			buildSettings = {
				ASSETCATALOG_COMPILER_APPICON_NAME = AppIcon;
				ASSETCATALOG_COMPILER_GLOBAL_ACCENT_COLOR_NAME = AccentColor;
				CODE_SIGN_STYLE = Automatic;
				CURRENT_PROJECT_VERSION = 1;
				GENERATE_INFOPLIST_FILE = YES;
				INFOPLIST_FILE = ToDoApp/Info.plist;
				INFOPLIST_KEY_UIApplicationSupportsIndirectInputEvents = YES;
				INFOPLIST_KEY_UILaunchStoryboardName = LaunchScreen;
				INFOPLIST_KEY_UIMainStoryboardFile = Main;
				INFOPLIST_KEY_UISupportedInterfaceOrientations_iPad = "UIInterfaceOrientationPortrait UIInterfaceOrientationPortraitUpsideDown UIInterfaceOrientationLandscapeLeft UIInterfaceOrientationLandscapeRight";
				INFOPLIST_KEY_UISupportedInterfaceOrientations_iPhone = "UIInterfaceOrientationPortrait UIInterfaceOrientationLandscapeLeft UIInterfaceOrientationLandscapeRight";
				LD_RUNPATH_SEARCH_PATHS = (
					"$(inherited)",
					"@executable_path/Frameworks",
				);
				MARKETING_VERSION = 1.0;
				PRODUCT_BUNDLE_IDENTIFIER = coco.ToDoApp;
				PRODUCT_NAME = "$(TARGET_NAME)";
				SWIFT_EMIT_LOC_STRINGS = YES;
				SWIFT_VERSION = 5.0;
				TARGETED_DEVICE_FAMILY = "1,2";
			};
			name = Debug;
		};
		CC73DC062A0FE61400A7FA66 /* Release */ = {
			isa = XCBuildConfiguration;
			buildSettings = {
				ASSETCATALOG_COMPILER_APPICON_NAME = AppIcon;
				ASSETCATALOG_COMPILER_GLOBAL_ACCENT_COLOR_NAME = AccentColor;
				CODE_SIGN_STYLE = Automatic;
				CURRENT_PROJECT_VERSION = 1;
				GENERATE_INFOPLIST_FILE = YES;
				INFOPLIST_FILE = ToDoApp/Info.plist;
				INFOPLIST_KEY_UIApplicationSupportsIndirectInputEvents = YES;
				INFOPLIST_KEY_UILaunchStoryboardName = LaunchScreen;
				INFOPLIST_KEY_UIMainStoryboardFile = Main;
				INFOPLIST_KEY_UISupportedInterfaceOrientations_iPad = "UIInterfaceOrientationPortrait UIInterfaceOrientationPortraitUpsideDown UIInterfaceOrientationLandscapeLeft UIInterfaceOrientationLandscapeRight";
				INFOPLIST_KEY_UISupportedInterfaceOrientations_iPhone = "UIInterfaceOrientationPortrait UIInterfaceOrientationLandscapeLeft UIInterfaceOrientationLandscapeRight";
				LD_RUNPATH_SEARCH_PATHS = (
					"$(inherited)",
					"@executable_path/Frameworks",
				);
				MARKETING_VERSION = 1.0;
				PRODUCT_BUNDLE_IDENTIFIER = coco.ToDoApp;
				PRODUCT_NAME = "$(TARGET_NAME)";
				SWIFT_EMIT_LOC_STRINGS = YES;
				SWIFT_VERSION = 5.0;
				TARGETED_DEVICE_FAMILY = "1,2";
			};
			name = Release;
		};
/* End XCBuildConfiguration section */

/* Begin XCConfigurationList section */
		CC73DBE82A0FE61300A7FA66 /* Build configuration list for PBXProject "ToDoApp" */ = {
			isa = XCConfigurationList;
			buildConfigurations = (
				CC73DC022A0FE61400A7FA66 /* Debug */,
				CC73DC032A0FE61400A7FA66 /* Release */,
			);
			defaultConfigurationIsVisible = 0;
			defaultConfigurationName = Release;
		};
		CC73DC042A0FE61400A7FA66 /* Build configuration list for PBXNativeTarget "ToDoApp" */ = {
			isa = XCConfigurationList;
			buildConfigurations = (
				CC73DC052A0FE61400A7FA66 /* Debug */,
				CC73DC062A0FE61400A7FA66 /* Release */,
			);
			defaultConfigurationIsVisible = 0;
			defaultConfigurationName = Release;
		};
/* End XCConfigurationList section */

/* Begin XCVersionGroup section */
		CC73DBF92A0FE61300A7FA66 /* ToDoApp.xcdatamodeld */ = {
			isa = XCVersionGroup;
			children = (
				CC73DBFA2A0FE61300A7FA66 /* ToDoApp.xcdatamodel */,
			);
			currentVersion = CC73DBFA2A0FE61300A7FA66 /* ToDoApp.xcdatamodel */;
			path = ToDoApp.xcdatamodeld;
			sourceTree = "<group>";
			versionGroupType = wrapper.xcdatamodel;
		};
/* End XCVersionGroup section */
	};
	rootObject = CC73DBE52A0FE61300A7FA66 /* Project object */;
}
