// !$*UTF8*$!
{
	archiveVersion = 1;
	classes = {
	};
	objectVersion = 56;
	objects = {

/* Begin PBXBuildFile section */
		CCB833BE2A0CC9580028BD76 /* AppDelegate.swift in Sources */ = {isa = PBXBuildFile; fileRef = CCB833BD2A0CC9580028BD76 /* AppDelegate.swift */; };
		CCB833C02A0CC9580028BD76 /* SceneDelegate.swift in Sources */ = {isa = PBXBuildFile; fileRef = CCB833BF2A0CC9580028BD76 /* SceneDelegate.swift */; };
		CCB833C22A0CC9580028BD76 /* ViewController.swift in Sources */ = {isa = PBXBuildFile; fileRef = CCB833C12A0CC9580028BD76 /* ViewController.swift */; };
		CCB833C52A0CC9580028BD76 /* Main.storyboard in Resources */ = {isa = PBXBuildFile; fileRef = CCB833C32A0CC9580028BD76 /* Main.storyboard */; };
		CCB833C72A0CC95A0028BD76 /* Assets.xcassets in Resources */ = {isa = PBXBuildFile; fileRef = CCB833C62A0CC95A0028BD76 /* Assets.xcassets */; };
		CCB833CA2A0CC95A0028BD76 /* LaunchScreen.storyboard in Resources */ = {isa = PBXBuildFile; fileRef = CCB833C82A0CC95A0028BD76 /* LaunchScreen.storyboard */; };
		CCB833D52A0CCA640028BD76 /* TableViewCell.swift in Sources */ = {isa = PBXBuildFile; fileRef = CCB833D42A0CCA640028BD76 /* TableViewCell.swift */; };
		CCB833D72A0CD48E0028BD76 /* Movie.swift in Sources */ = {isa = PBXBuildFile; fileRef = CCB833D62A0CD48E0028BD76 /* Movie.swift */; };
		CCB833D92A0CD4B40028BD76 /* DataManager.swift in Sources */ = {isa = PBXBuildFile; fileRef = CCB833D82A0CD4B40028BD76 /* DataManager.swift */; };
		CCB833DB2A0CD82B0028BD76 /* DetailView.swift in Sources */ = {isa = PBXBuildFile; fileRef = CCB833DA2A0CD82B0028BD76 /* DetailView.swift */; };
		CCB833DD2A0CD9D70028BD76 /* DetailViewController.swift in Sources */ = {isa = PBXBuildFile; fileRef = CCB833DC2A0CD9D70028BD76 /* DetailViewController.swift */; };
/* End PBXBuildFile section */

/* Begin PBXFileReference section */
		CCB833BA2A0CC9580028BD76 /* TableViewCode.app */ = {isa = PBXFileReference; explicitFileType = wrapper.application; includeInIndex = 0; path = TableViewCode.app; sourceTree = BUILT_PRODUCTS_DIR; };
		CCB833BD2A0CC9580028BD76 /* AppDelegate.swift */ = {isa = PBXFileReference; lastKnownFileType = sourcecode.swift; path = AppDelegate.swift; sourceTree = "<group>"; };
		CCB833BF2A0CC9580028BD76 /* SceneDelegate.swift */ = {isa = PBXFileReference; lastKnownFileType = sourcecode.swift; path = SceneDelegate.swift; sourceTree = "<group>"; };
		CCB833C12A0CC9580028BD76 /* ViewController.swift */ = {isa = PBXFileReference; lastKnownFileType = sourcecode.swift; path = ViewController.swift; sourceTree = "<group>"; };
		CCB833C42A0CC9580028BD76 /* Base */ = {isa = PBXFileReference; lastKnownFileType = file.storyboard; name = Base; path = Base.lproj/Main.storyboard; sourceTree = "<group>"; };
		CCB833C62A0CC95A0028BD76 /* Assets.xcassets */ = {isa = PBXFileReference; lastKnownFileType = folder.assetcatalog; path = Assets.xcassets; sourceTree = "<group>"; };
		CCB833C92A0CC95A0028BD76 /* Base */ = {isa = PBXFileReference; lastKnownFileType = file.storyboard; name = Base; path = Base.lproj/LaunchScreen.storyboard; sourceTree = "<group>"; };
		CCB833CB2A0CC95A0028BD76 /* Info.plist */ = {isa = PBXFileReference; lastKnownFileType = text.plist.xml; path = Info.plist; sourceTree = "<group>"; };
		CCB833D42A0CCA640028BD76 /* TableViewCell.swift */ = {isa = PBXFileReference; lastKnownFileType = sourcecode.swift; path = TableViewCell.swift; sourceTree = "<group>"; };
		CCB833D62A0CD48E0028BD76 /* Movie.swift */ = {isa = PBXFileReference; lastKnownFileType = sourcecode.swift; path = Movie.swift; sourceTree = "<group>"; };
		CCB833D82A0CD4B40028BD76 /* DataManager.swift */ = {isa = PBXFileReference; lastKnownFileType = sourcecode.swift; path = DataManager.swift; sourceTree = "<group>"; };
		CCB833DA2A0CD82B0028BD76 /* DetailView.swift */ = {isa = PBXFileReference; lastKnownFileType = sourcecode.swift; path = DetailView.swift; sourceTree = "<group>"; };
		CCB833DC2A0CD9D70028BD76 /* DetailViewController.swift */ = {isa = PBXFileReference; lastKnownFileType = sourcecode.swift; path = DetailViewController.swift; sourceTree = "<group>"; };
/* End PBXFileReference section */

/* Begin PBXFrameworksBuildPhase section */
		CCB833B72A0CC9580028BD76 /* Frameworks */ = {
			isa = PBXFrameworksBuildPhase;
			buildActionMask = 2147483647;
			files = (
			);
			runOnlyForDeploymentPostprocessing = 0;
		};
/* End PBXFrameworksBuildPhase section */

/* Begin PBXGroup section */
		CCB833B12A0CC9580028BD76 = {
			isa = PBXGroup;
			children = (
				CCB833BC2A0CC9580028BD76 /* TableViewCode */,
				CCB833BB2A0CC9580028BD76 /* Products */,
			);
			sourceTree = "<group>";
		};
		CCB833BB2A0CC9580028BD76 /* Products */ = {
			isa = PBXGroup;
			children = (
				CCB833BA2A0CC9580028BD76 /* TableViewCode.app */,
			);
			name = Products;
			sourceTree = "<group>";
		};
		CCB833BC2A0CC9580028BD76 /* TableViewCode */ = {
			isa = PBXGroup;
			children = (
				CCB833BD2A0CC9580028BD76 /* AppDelegate.swift */,
				CCB833BF2A0CC9580028BD76 /* SceneDelegate.swift */,
				CCB833D32A0CCA4B0028BD76 /* Models */,
				CCB833D22A0CCA460028BD76 /* Views */,
				CCB833D12A0CCA400028BD76 /* Controllers */,
				CCB833C32A0CC9580028BD76 /* Main.storyboard */,
				CCB833C62A0CC95A0028BD76 /* Assets.xcassets */,
				CCB833C82A0CC95A0028BD76 /* LaunchScreen.storyboard */,
				CCB833CB2A0CC95A0028BD76 /* Info.plist */,
			);
			path = TableViewCode;
			sourceTree = "<group>";
		};
		CCB833D12A0CCA400028BD76 /* Controllers */ = {
			isa = PBXGroup;
			children = (
				CCB833C12A0CC9580028BD76 /* ViewController.swift */,
				CCB833DC2A0CD9D70028BD76 /* DetailViewController.swift */,
			);
			path = Controllers;
			sourceTree = "<group>";
		};
		CCB833D22A0CCA460028BD76 /* Views */ = {
			isa = PBXGroup;
			children = (
				CCB833D42A0CCA640028BD76 /* TableViewCell.swift */,
				CCB833DA2A0CD82B0028BD76 /* DetailView.swift */,
			);
			path = Views;
			sourceTree = "<group>";
		};
		CCB833D32A0CCA4B0028BD76 /* Models */ = {
			isa = PBXGroup;
			children = (
				CCB833D62A0CD48E0028BD76 /* Movie.swift */,
				CCB833D82A0CD4B40028BD76 /* DataManager.swift */,
			);
			path = Models;
			sourceTree = "<group>";
		};
/* End PBXGroup section */

/* Begin PBXNativeTarget section */
		CCB833B92A0CC9580028BD76 /* TableViewCode */ = {
			isa = PBXNativeTarget;
			buildConfigurationList = CCB833CE2A0CC95A0028BD76 /* Build configuration list for PBXNativeTarget "TableViewCode" */;
			buildPhases = (
				CCB833B62A0CC9580028BD76 /* Sources */,
				CCB833B72A0CC9580028BD76 /* Frameworks */,
				CCB833B82A0CC9580028BD76 /* Resources */,
			);
			buildRules = (
			);
			dependencies = (
			);
			name = TableViewCode;
			productName = TableViewCode;
			productReference = CCB833BA2A0CC9580028BD76 /* TableViewCode.app */;
			productType = "com.apple.product-type.application";
		};
/* End PBXNativeTarget section */

/* Begin PBXProject section */
		CCB833B22A0CC9580028BD76 /* Project object */ = {
			isa = PBXProject;
			attributes = {
				BuildIndependentTargetsInParallel = 1;
				LastSwiftUpdateCheck = 1410;
				LastUpgradeCheck = 1410;
				TargetAttributes = {
					CCB833B92A0CC9580028BD76 = {
						CreatedOnToolsVersion = 14.1;
					};
				};
			};
			buildConfigurationList = CCB833B52A0CC9580028BD76 /* Build configuration list for PBXProject "TableViewCode" */;
			compatibilityVersion = "Xcode 14.0";
			developmentRegion = en;
			hasScannedForEncodings = 0;
			knownRegions = (
				en,
				Base,
			);
			mainGroup = CCB833B12A0CC9580028BD76;
			productRefGroup = CCB833BB2A0CC9580028BD76 /* Products */;
			projectDirPath = "";
			projectRoot = "";
			targets = (
				CCB833B92A0CC9580028BD76 /* TableViewCode */,
			);
		};
/* End PBXProject section */

/* Begin PBXResourcesBuildPhase section */
		CCB833B82A0CC9580028BD76 /* Resources */ = {
			isa = PBXResourcesBuildPhase;
			buildActionMask = 2147483647;
			files = (
				CCB833CA2A0CC95A0028BD76 /* LaunchScreen.storyboard in Resources */,
				CCB833C72A0CC95A0028BD76 /* Assets.xcassets in Resources */,
				CCB833C52A0CC9580028BD76 /* Main.storyboard in Resources */,
			);
			runOnlyForDeploymentPostprocessing = 0;
		};
/* End PBXResourcesBuildPhase section */

/* Begin PBXSourcesBuildPhase section */
		CCB833B62A0CC9580028BD76 /* Sources */ = {
			isa = PBXSourcesBuildPhase;
			buildActionMask = 2147483647;
			files = (
				CCB833C22A0CC9580028BD76 /* ViewController.swift in Sources */,
				CCB833D92A0CD4B40028BD76 /* DataManager.swift in Sources */,
				CCB833D52A0CCA640028BD76 /* TableViewCell.swift in Sources */,
				CCB833DB2A0CD82B0028BD76 /* DetailView.swift in Sources */,
				CCB833BE2A0CC9580028BD76 /* AppDelegate.swift in Sources */,
				CCB833C02A0CC9580028BD76 /* SceneDelegate.swift in Sources */,
				CCB833D72A0CD48E0028BD76 /* Movie.swift in Sources */,
				CCB833DD2A0CD9D70028BD76 /* DetailViewController.swift in Sources */,
			);
			runOnlyForDeploymentPostprocessing = 0;
		};
/* End PBXSourcesBuildPhase section */

/* Begin PBXVariantGroup section */
		CCB833C32A0CC9580028BD76 /* Main.storyboard */ = {
			isa = PBXVariantGroup;
			children = (
				CCB833C42A0CC9580028BD76 /* Base */,
			);
			name = Main.storyboard;
			sourceTree = "<group>";
		};
		CCB833C82A0CC95A0028BD76 /* LaunchScreen.storyboard */ = {
			isa = PBXVariantGroup;
			children = (
				CCB833C92A0CC95A0028BD76 /* Base */,
			);
			name = LaunchScreen.storyboard;
			sourceTree = "<group>";
		};
/* End PBXVariantGroup section */

/* Begin XCBuildConfiguration section */
		CCB833CC2A0CC95A0028BD76 /* Debug */ = {
			isa = XCBuildConfiguration;
			buildSettings = {
				ALWAYS_SEARCH_USER_PATHS = NO;
				CLANG_ANALYZER_NONNULL = YES;
				CLANG_ANALYZER_NUMBER_OBJECT_CONVERSION = YES_AGGRESSIVE;
				CLANG_CXX_LANGUAGE_STANDARD = "gnu++20";
				CLANG_ENABLE_MODULES = YES;
				CLANG_ENABLE_OBJC_ARC = YES;
				CLANG_ENABLE_OBJC_WEAK = YES;
				CLANG_WARN_BLOCK_CAPTURE_AUTORELEASING = YES;
				CLANG_WARN_BOOL_CONVERSION = YES;
				CLANG_WARN_COMMA = YES;
				CLANG_WARN_CONSTANT_CONVERSION = YES;
				CLANG_WARN_DEPRECATED_OBJC_IMPLEMENTATIONS = YES;
				CLANG_WARN_DIRECT_OBJC_ISA_USAGE = YES_ERROR;
				CLANG_WARN_DOCUMENTATION_COMMENTS = YES;
				CLANG_WARN_EMPTY_BODY = YES;
				CLANG_WARN_ENUM_CONVERSION = YES;
				CLANG_WARN_INFINITE_RECURSION = YES;
				CLANG_WARN_INT_CONVERSION = YES;
				CLANG_WARN_NON_LITERAL_NULL_CONVERSION = YES;
				CLANG_WARN_OBJC_IMPLICIT_RETAIN_SELF = YES;
				CLANG_WARN_OBJC_LITERAL_CONVERSION = YES;
				CLANG_WARN_OBJC_ROOT_CLASS = YES_ERROR;
				CLANG_WARN_QUOTED_INCLUDE_IN_FRAMEWORK_HEADER = YES;
				CLANG_WARN_RANGE_LOOP_ANALYSIS = YES;
				CLANG_WARN_STRICT_PROTOTYPES = YES;
				CLANG_WARN_SUSPICIOUS_MOVE = YES;
				CLANG_WARN_UNGUARDED_AVAILABILITY = YES_AGGRESSIVE;
				CLANG_WARN_UNREACHABLE_CODE = YES;
				CLANG_WARN__DUPLICATE_METHOD_MATCH = YES;
				COPY_PHASE_STRIP = NO;
				DEBUG_INFORMATION_FORMAT = dwarf;
				ENABLE_STRICT_OBJC_MSGSEND = YES;
				ENABLE_TESTABILITY = YES;
				GCC_C_LANGUAGE_STANDARD = gnu11;
				GCC_DYNAMIC_NO_PIC = NO;
				GCC_NO_COMMON_BLOCKS = YES;
				GCC_OPTIMIZATION_LEVEL = 0;
				GCC_PREPROCESSOR_DEFINITIONS = (
					"DEBUG=1",
					"$(inherited)",
				);
				GCC_WARN_64_TO_32_BIT_CONVERSION = YES;
				GCC_WARN_ABOUT_RETURN_TYPE = YES_ERROR;
				GCC_WARN_UNDECLARED_SELECTOR = YES;
				GCC_WARN_UNINITIALIZED_AUTOS = YES_AGGRESSIVE;
				GCC_WARN_UNUSED_FUNCTION = YES;
				GCC_WARN_UNUSED_VARIABLE = YES;
				IPHONEOS_DEPLOYMENT_TARGET = 16.1;
				MTL_ENABLE_DEBUG_INFO = INCLUDE_SOURCE;
				MTL_FAST_MATH = YES;
				ONLY_ACTIVE_ARCH = YES;
				SDKROOT = iphoneos;
				SWIFT_ACTIVE_COMPILATION_CONDITIONS = DEBUG;
				SWIFT_OPTIMIZATION_LEVEL = "-Onone";
			};
			name = Debug;
		};
		CCB833CD2A0CC95A0028BD76 /* Release */ = {
			isa = XCBuildConfiguration;
			buildSettings = {
				ALWAYS_SEARCH_USER_PATHS = NO;
				CLANG_ANALYZER_NONNULL = YES;
				CLANG_ANALYZER_NUMBER_OBJECT_CONVERSION = YES_AGGRESSIVE;
				CLANG_CXX_LANGUAGE_STANDARD = "gnu++20";
				CLANG_ENABLE_MODULES = YES;
				CLANG_ENABLE_OBJC_ARC = YES;
				CLANG_ENABLE_OBJC_WEAK = YES;
				CLANG_WARN_BLOCK_CAPTURE_AUTORELEASING = YES;
				CLANG_WARN_BOOL_CONVERSION = YES;
				CLANG_WARN_COMMA = YES;
				CLANG_WARN_CONSTANT_CONVERSION = YES;
				CLANG_WARN_DEPRECATED_OBJC_IMPLEMENTATIONS = YES;
				CLANG_WARN_DIRECT_OBJC_ISA_USAGE = YES_ERROR;
				CLANG_WARN_DOCUMENTATION_COMMENTS = YES;
				CLANG_WARN_EMPTY_BODY = YES;
				CLANG_WARN_ENUM_CONVERSION = YES;
				CLANG_WARN_INFINITE_RECURSION = YES;
				CLANG_WARN_INT_CONVERSION = YES;
				CLANG_WARN_NON_LITERAL_NULL_CONVERSION = YES;
				CLANG_WARN_OBJC_IMPLICIT_RETAIN_SELF = YES;
				CLANG_WARN_OBJC_LITERAL_CONVERSION = YES;
				CLANG_WARN_OBJC_ROOT_CLASS = YES_ERROR;
				CLANG_WARN_QUOTED_INCLUDE_IN_FRAMEWORK_HEADER = YES;
				CLANG_WARN_RANGE_LOOP_ANALYSIS = YES;
				CLANG_WARN_STRICT_PROTOTYPES = YES;
				CLANG_WARN_SUSPICIOUS_MOVE = YES;
				CLANG_WARN_UNGUARDED_AVAILABILITY = YES_AGGRESSIVE;
				CLANG_WARN_UNREACHABLE_CODE = YES;
				CLANG_WARN__DUPLICATE_METHOD_MATCH = YES;
				COPY_PHASE_STRIP = NO;
				DEBUG_INFORMATION_FORMAT = "dwarf-with-dsym";
				ENABLE_NS_ASSERTIONS = NO;
				ENABLE_STRICT_OBJC_MSGSEND = YES;
				GCC_C_LANGUAGE_STANDARD = gnu11;
				GCC_NO_COMMON_BLOCKS = YES;
				GCC_WARN_64_TO_32_BIT_CONVERSION = YES;
				GCC_WARN_ABOUT_RETURN_TYPE = YES_ERROR;
				GCC_WARN_UNDECLARED_SELECTOR = YES;
				GCC_WARN_UNINITIALIZED_AUTOS = YES_AGGRESSIVE;
				GCC_WARN_UNUSED_FUNCTION = YES;
				GCC_WARN_UNUSED_VARIABLE = YES;
				IPHONEOS_DEPLOYMENT_TARGET = 16.1;
				MTL_ENABLE_DEBUG_INFO = NO;
				MTL_FAST_MATH = YES;
				SDKROOT = iphoneos;
				SWIFT_COMPILATION_MODE = wholemodule;
				SWIFT_OPTIMIZATION_LEVEL = "-O";
				VALIDATE_PRODUCT = YES;
			};
			name = Release;
		};
		CCB833CF2A0CC95A0028BD76 /* Debug */ = {
			isa = XCBuildConfiguration;
			buildSettings = {
				ASSETCATALOG_COMPILER_APPICON_NAME = AppIcon;
				ASSETCATALOG_COMPILER_GLOBAL_ACCENT_COLOR_NAME = AccentColor;
				CODE_SIGN_STYLE = Automatic;
				CURRENT_PROJECT_VERSION = 1;
				GENERATE_INFOPLIST_FILE = YES;
				INFOPLIST_FILE = TableViewCode/Info.plist;
				INFOPLIST_KEY_UIApplicationSupportsIndirectInputEvents = YES;
				INFOPLIST_KEY_UILaunchStoryboardName = LaunchScreen;
				INFOPLIST_KEY_UISupportedInterfaceOrientations_iPad = "UIInterfaceOrientationPortrait UIInterfaceOrientationPortraitUpsideDown UIInterfaceOrientationLandscapeLeft UIInterfaceOrientationLandscapeRight";
				INFOPLIST_KEY_UISupportedInterfaceOrientations_iPhone = "UIInterfaceOrientationPortrait UIInterfaceOrientationLandscapeLeft UIInterfaceOrientationLandscapeRight";
				LD_RUNPATH_SEARCH_PATHS = (
					"$(inherited)",
					"@executable_path/Frameworks",
				);
				MARKETING_VERSION = 1.0;
				PRODUCT_BUNDLE_IDENTIFIER = coco.TableViewCode;
				PRODUCT_NAME = "$(TARGET_NAME)";
				SUPPORTED_PLATFORMS = "iphoneos iphonesimulator";
				SUPPORTS_MACCATALYST = NO;
				SUPPORTS_MAC_DESIGNED_FOR_IPHONE_IPAD = NO;
				SWIFT_EMIT_LOC_STRINGS = YES;
				SWIFT_VERSION = 5.0;
				TARGETED_DEVICE_FAMILY = 1;
			};
			name = Debug;
		};
		CCB833D02A0CC95A0028BD76 /* Release */ = {
			isa = XCBuildConfiguration;
			buildSettings = {
				ASSETCATALOG_COMPILER_APPICON_NAME = AppIcon;
				ASSETCATALOG_COMPILER_GLOBAL_ACCENT_COLOR_NAME = AccentColor;
				CODE_SIGN_STYLE = Automatic;
				CURRENT_PROJECT_VERSION = 1;
				GENERATE_INFOPLIST_FILE = YES;
				INFOPLIST_FILE = TableViewCode/Info.plist;
				INFOPLIST_KEY_UIApplicationSupportsIndirectInputEvents = YES;
				INFOPLIST_KEY_UILaunchStoryboardName = LaunchScreen;
				INFOPLIST_KEY_UISupportedInterfaceOrientations_iPad = "UIInterfaceOrientationPortrait UIInterfaceOrientationPortraitUpsideDown UIInterfaceOrientationLandscapeLeft UIInterfaceOrientationLandscapeRight";
				INFOPLIST_KEY_UISupportedInterfaceOrientations_iPhone = "UIInterfaceOrientationPortrait UIInterfaceOrientationLandscapeLeft UIInterfaceOrientationLandscapeRight";
				LD_RUNPATH_SEARCH_PATHS = (
					"$(inherited)",
					"@executable_path/Frameworks",
				);
				MARKETING_VERSION = 1.0;
				PRODUCT_BUNDLE_IDENTIFIER = coco.TableViewCode;
				PRODUCT_NAME = "$(TARGET_NAME)";
				SUPPORTED_PLATFORMS = "iphoneos iphonesimulator";
				SUPPORTS_MACCATALYST = NO;
				SUPPORTS_MAC_DESIGNED_FOR_IPHONE_IPAD = NO;
				SWIFT_EMIT_LOC_STRINGS = YES;
				SWIFT_VERSION = 5.0;
				TARGETED_DEVICE_FAMILY = 1;
			};
			name = Release;
		};
/* End XCBuildConfiguration section */

/* Begin XCConfigurationList section */
		CCB833B52A0CC9580028BD76 /* Build configuration list for PBXProject "TableViewCode" */ = {
			isa = XCConfigurationList;
			buildConfigurations = (
				CCB833CC2A0CC95A0028BD76 /* Debug */,
				CCB833CD2A0CC95A0028BD76 /* Release */,
			);
			defaultConfigurationIsVisible = 0;
			defaultConfigurationName = Release;
		};
		CCB833CE2A0CC95A0028BD76 /* Build configuration list for PBXNativeTarget "TableViewCode" */ = {
			isa = XCConfigurationList;
			buildConfigurations = (
				CCB833CF2A0CC95A0028BD76 /* Debug */,
				CCB833D02A0CC95A0028BD76 /* Release */,
			);
			defaultConfigurationIsVisible = 0;
			defaultConfigurationName = Release;
		};
/* End XCConfigurationList section */
	};
	rootObject = CCB833B22A0CC9580028BD76 /* Project object */;
}
